{
  "nodes": {
    "flake-utils": {
      "locked": {
        "lastModified": 1656065134,
        "narHash": "sha256-oc6E6ByIw3oJaIyc67maaFcnjYOz1mMcOtHxbEf9NwQ=",
        "owner": "numtide",
        "repo": "flake-utils",
        "rev": "bee6a7250dd1b01844a2de7e02e4df7d8a0a206c",
        "type": "github"
      },
      "original": {
        "owner": "numtide",
        "repo": "flake-utils",
        "type": "github"
      }
    },
    "nixpkgs": {
      "locked": {
        "lastModified": 1657540956,
        "narHash": "sha256-ihGbOFWtAkENwxBE5kV/yWt2MncvW+BObLDsmxCLo/Q=",
        "owner": "NANASHI0X74",
        "repo": "nixpkgs",
        "rev": "043de04db8a6b0391b3fefaaade160514d866946",
        "type": "github"
      },
      "original": {
        "owner": "NANASHI0X74",
        "ref": "flutter-3-0-0",
        "repo": "nixpkgs",
        "type": "github"
      }
    },
    "root": {
      "inputs": {
        "flake-utils": "flake-utils",
        "nixpkgs": "nixpkgs"
      }
    }
  },
  "root": "root",
  "version": 7
}
